github.com/davecgh/go-spew v1.1.0 h1:ZDRjVQ15GmhC3fiQ8ni8+OwkZQO4DARzQgrnXU1Liz8=
github.com/davecgh/go-spew v1.1.0/go.mod h1:J7Y8YcW2NihsgmVo/mv3lAwl/skON4iLHjSsI+c5H38=
github.com/dogmatiq/dapper v0.1.1 h1:DyvsJArJ9o3U1W62peE43MWjs++kw3zO/Rw/ixXB9nk=
github.com/dogmatiq/dapper v0.1.1/go.mod h1:jmqlMjWRjHJDMz/9gtNlMYxJvuH8pu6tPmmX4cxetJk=
github.com/dogmatiq/dogma v0.0.0-20190110022518-25bb3e4523dc h1:yk2rSPGwdclYNGYUzVZXoB7x4yF7+z7y0CXrAkljdW8=
github.com/dogmatiq/dogma v0.0.0-20190110022518-25bb3e4523dc/go.mod h1:kzDxrkzdgrJattEUoLmoFdyHZtib4H5oa98VcewQEI8=
github.com/dogmatiq/iago v0.1.0 h1:rlm0vDX2Y09WsTwNqf41my0kjaesDIrLD5rGRSsksBk=
github.com/dogmatiq/iago v0.1.0/go.mod h1:pFfZnnNmOS99/jQ4KzTw92sZXKqBVlYLLHpNk82F4jM=
github.com/pmezard/go-difflib v1.0.0 h1:4DBwDE0NGyQoBHbLQYPwSUPoCMWR5BEzIk/f1lZbAQM=
github.com/pmezard/go-difflib v1.0.0/go.mod h1:iKH77koFhYxTK1pcRnkKkqfTogsbg7gZNVY4sRDYZ/4=
github.com/sergi/go-diff v1.0.0 h1:Kpca3qRNrduNnOQeazBd0ysaKrUJiIuISHxogkT9RPQ=
github.com/sergi/go-diff v1.0.0/go.mod h1:0CfEIISq7TuYL3j771MWULgwwjU+GofnZX9QAmXWZgo=
github.com/stretchr/objx v0.1.0/go.mod h1:HFkY916IF+rwdDfMAkV7OtwuqBVzrE8GR6GFx+wExME=
github.com/stretchr/testify v1.3.0 h1:TivCn/peBQ7UY8ooIcPgZFpTNSz0Q2U6UrFlUfqbe0Q=
github.com/stretchr/testify v1.3.0/go.mod h1:M5WIy9Dh21IEIfnGCwXGc5bZfKNJtfHm1UVUgZn+9EI=
