github.com/dogmatiq/dogma v0.0.0-20190101093956-48d31f156cb8 h1:V+PkwtotOsPqqVUYlvQFEDFIFbT0Pku92wxSwzwNaWU=
github.com/dogmatiq/dogma v0.0.0-20190101093956-48d31f156cb8/go.mod h1:kzDxrkzdgrJattEUoLmoFdyHZtib4H5oa98VcewQEI8=
github.com/dogmatiq/dogma v0.0.0-20190101110100-cf7be331c076 h1:u1MBCoYF0NHnJBsntL9O7k8i0d4YIF6k/o+oR+Ok0SI=
github.com/dogmatiq/dogma v0.0.0-20190101110100-cf7be331c076/go.mod h1:kzDxrkzdgrJattEUoLmoFdyHZtib4H5oa98VcewQEI8=
